// !$*UTF8*$!
{
	archiveVersion = 1;
	classes = {
	};
	objectVersion = 56;
	objects = {

/* Begin PBXBuildFile section */
		CC4EE91D28F254BC00149D37 /* VoiceOver_DictionaryApp.swift in Sources */ = {isa = PBXBuildFile; fileRef = CC4EE91C28F254BC00149D37 /* VoiceOver_DictionaryApp.swift */; };
		CC4EE92128F254BD00149D37 /* Assets.xcassets in Resources */ = {isa = PBXBuildFile; fileRef = CC4EE92028F254BD00149D37 /* Assets.xcassets */; };
		CC4EE92428F254BD00149D37 /* Preview Assets.xcassets in Resources */ = {isa = PBXBuildFile; fileRef = CC4EE92328F254BD00149D37 /* Preview Assets.xcassets */; };
		CC4EE92B28F28EE800149D37 /* Gesture.swift in Sources */ = {isa = PBXBuildFile; fileRef = CC4EE92A28F28EE800149D37 /* Gesture.swift */; };
		CC4EE92D28F28EF800149D37 /* Constants.swift in Sources */ = {isa = PBXBuildFile; fileRef = CC4EE92C28F28EF800149D37 /* Constants.swift */; };
		CC4EE92F28F28F0900149D37 /* DetailView.swift in Sources */ = {isa = PBXBuildFile; fileRef = CC4EE92E28F28F0900149D37 /* DetailView.swift */; };
		CC4EE94428F2A53A00149D37 /* Localizable.strings in Resources */ = {isa = PBXBuildFile; fileRef = CC4EE94628F2A53A00149D37 /* Localizable.strings */; };
		CC65515628F292EE00E637A2 /* MainView.swift in Sources */ = {isa = PBXBuildFile; fileRef = CC65515528F292EE00E637A2 /* MainView.swift */; };
/* End PBXBuildFile section */

/* Begin PBXFileReference section */
		CC4EE91928F254BC00149D37 /* VoiceOver Dictionary.app */ = {isa = PBXFileReference; explicitFileType = wrapper.application; includeInIndex = 0; path = "VoiceOver Dictionary.app"; sourceTree = BUILT_PRODUCTS_DIR; };
		CC4EE91C28F254BC00149D37 /* VoiceOver_DictionaryApp.swift */ = {isa = PBXFileReference; lastKnownFileType = sourcecode.swift; path = VoiceOver_DictionaryApp.swift; sourceTree = "<group>"; };
		CC4EE92028F254BD00149D37 /* Assets.xcassets */ = {isa = PBXFileReference; lastKnownFileType = folder.assetcatalog; path = Assets.xcassets; sourceTree = "<group>"; };
		CC4EE92328F254BD00149D37 /* Preview Assets.xcassets */ = {isa = PBXFileReference; lastKnownFileType = folder.assetcatalog; path = "Preview Assets.xcassets"; sourceTree = "<group>"; };
		CC4EE92A28F28EE800149D37 /* Gesture.swift */ = {isa = PBXFileReference; lastKnownFileType = sourcecode.swift; path = Gesture.swift; sourceTree = "<group>"; };
		CC4EE92C28F28EF800149D37 /* Constants.swift */ = {isa = PBXFileReference; lastKnownFileType = sourcecode.swift; path = Constants.swift; sourceTree = "<group>"; };
		CC4EE92E28F28F0900149D37 /* DetailView.swift */ = {isa = PBXFileReference; lastKnownFileType = sourcecode.swift; path = DetailView.swift; sourceTree = "<group>"; };
		CC4EE94528F2A53A00149D37 /* en */ = {isa = PBXFileReference; lastKnownFileType = text.plist.strings; name = en; path = en.lproj/Localizable.strings; sourceTree = "<group>"; };
		CC4EE94728F2A53D00149D37 /* ko */ = {isa = PBXFileReference; lastKnownFileType = text.plist.strings; name = ko; path = ko.lproj/Localizable.strings; sourceTree = "<group>"; };
		CC65515528F292EE00E637A2 /* MainView.swift */ = {isa = PBXFileReference; lastKnownFileType = sourcecode.swift; path = MainView.swift; sourceTree = "<group>"; };
/* End PBXFileReference section */

/* Begin PBXFrameworksBuildPhase section */
		CC4EE91628F254BC00149D37 /* Frameworks */ = {
			isa = PBXFrameworksBuildPhase;
			buildActionMask = 2147483647;
			files = (
			);
			runOnlyForDeploymentPostprocessing = 0;
		};
/* End PBXFrameworksBuildPhase section */

/* Begin PBXGroup section */
		CC4EE91028F254BC00149D37 = {
			isa = PBXGroup;
			children = (
				CC4EE91B28F254BC00149D37 /* VoiceOver Dictionary */,
				CC4EE91A28F254BC00149D37 /* Products */,
			);
			sourceTree = "<group>";
		};
		CC4EE91A28F254BC00149D37 /* Products */ = {
			isa = PBXGroup;
			children = (
				CC4EE91928F254BC00149D37 /* VoiceOver Dictionary.app */,
			);
			name = Products;
			sourceTree = "<group>";
		};
		CC4EE91B28F254BC00149D37 /* VoiceOver Dictionary */ = {
			isa = PBXGroup;
			children = (
				CC4EE91C28F254BC00149D37 /* VoiceOver_DictionaryApp.swift */,
				CC4EE94628F2A53A00149D37 /* Localizable.strings */,
				CC4EE93F28F2A4FC00149D37 /* View */,
				CC4EE94028F2A50000149D37 /* Model */,
				CC4EE94128F2A50500149D37 /* Data */,
				CC4EE92028F254BD00149D37 /* Assets.xcassets */,
				CC4EE92228F254BD00149D37 /* Preview Content */,
			);
			path = "VoiceOver Dictionary";
			sourceTree = "<group>";
		};
		CC4EE92228F254BD00149D37 /* Preview Content */ = {
			isa = PBXGroup;
			children = (
				CC4EE92328F254BD00149D37 /* Preview Assets.xcassets */,
			);
			path = "Preview Content";
			sourceTree = "<group>";
		};
		CC4EE93F28F2A4FC00149D37 /* View */ = {
			isa = PBXGroup;
			children = (
				CC65515528F292EE00E637A2 /* MainView.swift */,
				CC4EE92E28F28F0900149D37 /* DetailView.swift */,
			);
			path = View;
			sourceTree = "<group>";
		};
		CC4EE94028F2A50000149D37 /* Model */ = {
			isa = PBXGroup;
			children = (
				CC4EE92A28F28EE800149D37 /* Gesture.swift */,
			);
			path = Model;
			sourceTree = "<group>";
		};
		CC4EE94128F2A50500149D37 /* Data */ = {
			isa = PBXGroup;
			children = (
				CC4EE92C28F28EF800149D37 /* Constants.swift */,
			);
			path = Data;
			sourceTree = "<group>";
		};
/* End PBXGroup section */

/* Begin PBXNativeTarget section */
		CC4EE91828F254BC00149D37 /* VoiceOver Dictionary */ = {
			isa = PBXNativeTarget;
			buildConfigurationList = CC4EE92728F254BD00149D37 /* Build configuration list for PBXNativeTarget "VoiceOver Dictionary" */;
			buildPhases = (
				CC4EE91528F254BC00149D37 /* Sources */,
				CC4EE91628F254BC00149D37 /* Frameworks */,
				CC4EE91728F254BC00149D37 /* Resources */,
			);
			buildRules = (
			);
			dependencies = (
			);
			name = "VoiceOver Dictionary";
			productName = "VoiceOver Dictionary";
			productReference = CC4EE91928F254BC00149D37 /* VoiceOver Dictionary.app */;
			productType = "com.apple.product-type.application";
		};
/* End PBXNativeTarget section */

/* Begin PBXProject section */
		CC4EE91128F254BC00149D37 /* Project object */ = {
			isa = PBXProject;
			attributes = {
				BuildIndependentTargetsInParallel = 1;
				LastSwiftUpdateCheck = 1400;
				LastUpgradeCheck = 1400;
				TargetAttributes = {
					CC4EE91828F254BC00149D37 = {
						CreatedOnToolsVersion = 14.0.1;
					};
				};
			};
			buildConfigurationList = CC4EE91428F254BC00149D37 /* Build configuration list for PBXProject "VoiceOver Dictionary" */;
			compatibilityVersion = "Xcode 14.0";
			developmentRegion = en;
			hasScannedForEncodings = 0;
			knownRegions = (
				en,
				Base,
				ko,
			);
			mainGroup = CC4EE91028F254BC00149D37;
			productRefGroup = CC4EE91A28F254BC00149D37 /* Products */;
			projectDirPath = "";
			projectRoot = "";
			targets = (
				CC4EE91828F254BC00149D37 /* VoiceOver Dictionary */,
			);
		};
/* End PBXProject section */

/* Begin PBXResourcesBuildPhase section */
		CC4EE91728F254BC00149D37 /* Resources */ = {
			isa = PBXResourcesBuildPhase;
			buildActionMask = 2147483647;
			files = (
				CC4EE92428F254BD00149D37 /* Preview Assets.xcassets in Resources */,
				CC4EE94428F2A53A00149D37 /* Localizable.strings in Resources */,
				CC4EE92128F254BD00149D37 /* Assets.xcassets in Resources */,
			);
			runOnlyForDeploymentPostprocessing = 0;
		};
/* End PBXResourcesBuildPhase section */

/* Begin PBXSourcesBuildPhase section */
		CC4EE91528F254BC00149D37 /* Sources */ = {
			isa = PBXSourcesBuildPhase;
			buildActionMask = 2147483647;
			files = (
				CC4EE92B28F28EE800149D37 /* Gesture.swift in Sources */,
				CC65515628F292EE00E637A2 /* MainView.swift in Sources */,
				CC4EE92D28F28EF800149D37 /* Constants.swift in Sources */,
				CC4EE92F28F28F0900149D37 /* DetailView.swift in Sources */,
				CC4EE91D28F254BC00149D37 /* VoiceOver_DictionaryApp.swift in Sources */,
			);
			runOnlyForDeploymentPostprocessing = 0;
		};
/* End PBXSourcesBuildPhase section */

/* Begin PBXVariantGroup section */
		CC4EE94628F2A53A00149D37 /* Localizable.strings */ = {
			isa = PBXVariantGroup;
			children = (
				CC4EE94528F2A53A00149D37 /* en */,
				CC4EE94728F2A53D00149D37 /* ko */,
			);
			name = Localizable.strings;
			sourceTree = "<group>";
		};
/* End PBXVariantGroup section */

/* Begin XCBuildConfiguration section */
		CC4EE92528F254BD00149D37 /* Debug */ = {
			isa = XCBuildConfiguration;
			buildSettings = {
				ALWAYS_SEARCH_USER_PATHS = NO;
				CLANG_ANALYZER_NONNULL = YES;
				CLANG_ANALYZER_NUMBER_OBJECT_CONVERSION = YES_AGGRESSIVE;
				CLANG_CXX_LANGUAGE_STANDARD = "gnu++20";
				CLANG_ENABLE_MODULES = YES;
				CLANG_ENABLE_OBJC_ARC = YES;
				CLANG_ENABLE_OBJC_WEAK = YES;
				CLANG_WARN_BLOCK_CAPTURE_AUTORELEASING = YES;
				CLANG_WARN_BOOL_CONVERSION = YES;
				CLANG_WARN_COMMA = YES;
				CLANG_WARN_CONSTANT_CONVERSION = YES;
				CLANG_WARN_DEPRECATED_OBJC_IMPLEMENTATIONS = YES;
				CLANG_WARN_DIRECT_OBJC_ISA_USAGE = YES_ERROR;
				CLANG_WARN_DOCUMENTATION_COMMENTS = YES;
				CLANG_WARN_EMPTY_BODY = YES;
				CLANG_WARN_ENUM_CONVERSION = YES;
				CLANG_WARN_INFINITE_RECURSION = YES;
				CLANG_WARN_INT_CONVERSION = YES;
				CLANG_WARN_NON_LITERAL_NULL_CONVERSION = YES;
				CLANG_WARN_OBJC_IMPLICIT_RETAIN_SELF = YES;
				CLANG_WARN_OBJC_LITERAL_CONVERSION = YES;
				CLANG_WARN_OBJC_ROOT_CLASS = YES_ERROR;
				CLANG_WARN_QUOTED_INCLUDE_IN_FRAMEWORK_HEADER = YES;
				CLANG_WARN_RANGE_LOOP_ANALYSIS = YES;
				CLANG_WARN_STRICT_PROTOTYPES = YES;
				CLANG_WARN_SUSPICIOUS_MOVE = YES;
				CLANG_WARN_UNGUARDED_AVAILABILITY = YES_AGGRESSIVE;
				CLANG_WARN_UNREACHABLE_CODE = YES;
				CLANG_WARN__DUPLICATE_METHOD_MATCH = YES;
				COPY_PHASE_STRIP = NO;
				DEBUG_INFORMATION_FORMAT = dwarf;
				ENABLE_STRICT_OBJC_MSGSEND = YES;
				ENABLE_TESTABILITY = YES;
				GCC_C_LANGUAGE_STANDARD = gnu11;
				GCC_DYNAMIC_NO_PIC = NO;
				GCC_NO_COMMON_BLOCKS = YES;
				GCC_OPTIMIZATION_LEVEL = 0;
				GCC_PREPROCESSOR_DEFINITIONS = (
					"DEBUG=1",
					"$(inherited)",
				);
				GCC_WARN_64_TO_32_BIT_CONVERSION = YES;
				GCC_WARN_ABOUT_RETURN_TYPE = YES_ERROR;
				GCC_WARN_UNDECLARED_SELECTOR = YES;
				GCC_WARN_UNINITIALIZED_AUTOS = YES_AGGRESSIVE;
				GCC_WARN_UNUSED_FUNCTION = YES;
				GCC_WARN_UNUSED_VARIABLE = YES;
				IPHONEOS_DEPLOYMENT_TARGET = 15.0;
				MTL_ENABLE_DEBUG_INFO = INCLUDE_SOURCE;
				MTL_FAST_MATH = YES;
				ONLY_ACTIVE_ARCH = YES;
				SDKROOT = iphoneos;
				SWIFT_ACTIVE_COMPILATION_CONDITIONS = DEBUG;
				SWIFT_OPTIMIZATION_LEVEL = "-Onone";
			};
			name = Debug;
		};
		CC4EE92628F254BD00149D37 /* Release */ = {
			isa = XCBuildConfiguration;
			buildSettings = {
				ALWAYS_SEARCH_USER_PATHS = NO;
				CLANG_ANALYZER_NONNULL = YES;
				CLANG_ANALYZER_NUMBER_OBJECT_CONVERSION = YES_AGGRESSIVE;
				CLANG_CXX_LANGUAGE_STANDARD = "gnu++20";
				CLANG_ENABLE_MODULES = YES;
				CLANG_ENABLE_OBJC_ARC = YES;
				CLANG_ENABLE_OBJC_WEAK = YES;
				CLANG_WARN_BLOCK_CAPTURE_AUTORELEASING = YES;
				CLANG_WARN_BOOL_CONVERSION = YES;
				CLANG_WARN_COMMA = YES;
				CLANG_WARN_CONSTANT_CONVERSION = YES;
				CLANG_WARN_DEPRECATED_OBJC_IMPLEMENTATIONS = YES;
				CLANG_WARN_DIRECT_OBJC_ISA_USAGE = YES_ERROR;
				CLANG_WARN_DOCUMENTATION_COMMENTS = YES;
				CLANG_WARN_EMPTY_BODY = YES;
				CLANG_WARN_ENUM_CONVERSION = YES;
				CLANG_WARN_INFINITE_RECURSION = YES;
				CLANG_WARN_INT_CONVERSION = YES;
				CLANG_WARN_NON_LITERAL_NULL_CONVERSION = YES;
				CLANG_WARN_OBJC_IMPLICIT_RETAIN_SELF = YES;
				CLANG_WARN_OBJC_LITERAL_CONVERSION = YES;
				CLANG_WARN_OBJC_ROOT_CLASS = YES_ERROR;
				CLANG_WARN_QUOTED_INCLUDE_IN_FRAMEWORK_HEADER = YES;
				CLANG_WARN_RANGE_LOOP_ANALYSIS = YES;
				CLANG_WARN_STRICT_PROTOTYPES = YES;
				CLANG_WARN_SUSPICIOUS_MOVE = YES;
				CLANG_WARN_UNGUARDED_AVAILABILITY = YES_AGGRESSIVE;
				CLANG_WARN_UNREACHABLE_CODE = YES;
				CLANG_WARN__DUPLICATE_METHOD_MATCH = YES;
				COPY_PHASE_STRIP = NO;
				DEBUG_INFORMATION_FORMAT = "dwarf-with-dsym";
				ENABLE_NS_ASSERTIONS = NO;
				ENABLE_STRICT_OBJC_MSGSEND = YES;
				GCC_C_LANGUAGE_STANDARD = gnu11;
				GCC_NO_COMMON_BLOCKS = YES;
				GCC_WARN_64_TO_32_BIT_CONVERSION = YES;
				GCC_WARN_ABOUT_RETURN_TYPE = YES_ERROR;
				GCC_WARN_UNDECLARED_SELECTOR = YES;
				GCC_WARN_UNINITIALIZED_AUTOS = YES_AGGRESSIVE;
				GCC_WARN_UNUSED_FUNCTION = YES;
				GCC_WARN_UNUSED_VARIABLE = YES;
				IPHONEOS_DEPLOYMENT_TARGET = 15.0;
				MTL_ENABLE_DEBUG_INFO = NO;
				MTL_FAST_MATH = YES;
				SDKROOT = iphoneos;
				SWIFT_COMPILATION_MODE = wholemodule;
				SWIFT_OPTIMIZATION_LEVEL = "-O";
				VALIDATE_PRODUCT = YES;
			};
			name = Release;
		};
		CC4EE92828F254BD00149D37 /* Debug */ = {
			isa = XCBuildConfiguration;
			buildSettings = {
				ASSETCATALOG_COMPILER_APPICON_NAME = AppIcon;
				ASSETCATALOG_COMPILER_GLOBAL_ACCENT_COLOR_NAME = AccentColor;
				CODE_SIGN_STYLE = Automatic;
				CURRENT_PROJECT_VERSION = 1;
				DEVELOPMENT_ASSET_PATHS = "\"VoiceOver Dictionary/Preview Content\"";
				DEVELOPMENT_TEAM = J7ZP3WYXRW;
				ENABLE_PREVIEWS = YES;
				GENERATE_INFOPLIST_FILE = YES;
				INFOPLIST_KEY_UIApplicationSceneManifest_Generation = YES;
				INFOPLIST_KEY_UIApplicationSupportsIndirectInputEvents = YES;
				INFOPLIST_KEY_UILaunchScreen_Generation = YES;
				INFOPLIST_KEY_UISupportedInterfaceOrientations_iPad = "UIInterfaceOrientationPortrait UIInterfaceOrientationPortraitUpsideDown UIInterfaceOrientationLandscapeLeft UIInterfaceOrientationLandscapeRight";
				INFOPLIST_KEY_UISupportedInterfaceOrientations_iPhone = "UIInterfaceOrientationPortrait UIInterfaceOrientationLandscapeLeft UIInterfaceOrientationLandscapeRight";
				LD_RUNPATH_SEARCH_PATHS = (
					"$(inherited)",
					"@executable_path/Frameworks",
				);
				MARKETING_VERSION = 1.0;
				PRODUCT_BUNDLE_IDENTIFIER = "Rivery.VoiceOver-Dictionary";
				PRODUCT_NAME = "$(TARGET_NAME)";
				SWIFT_EMIT_LOC_STRINGS = YES;
				SWIFT_VERSION = 5.0;
				TARGETED_DEVICE_FAMILY = "1,2";
			};
			name = Debug;
		};
		CC4EE92928F254BD00149D37 /* Release */ = {
			isa = XCBuildConfiguration;
			buildSettings = {
				ASSETCATALOG_COMPILER_APPICON_NAME = AppIcon;
				ASSETCATALOG_COMPILER_GLOBAL_ACCENT_COLOR_NAME = AccentColor;
				CODE_SIGN_STYLE = Automatic;
				CURRENT_PROJECT_VERSION = 1;
				DEVELOPMENT_ASSET_PATHS = "\"VoiceOver Dictionary/Preview Content\"";
				DEVELOPMENT_TEAM = J7ZP3WYXRW;
				ENABLE_PREVIEWS = YES;
				GENERATE_INFOPLIST_FILE = YES;
				INFOPLIST_KEY_UIApplicationSceneManifest_Generation = YES;
				INFOPLIST_KEY_UIApplicationSupportsIndirectInputEvents = YES;
				INFOPLIST_KEY_UILaunchScreen_Generation = YES;
				INFOPLIST_KEY_UISupportedInterfaceOrientations_iPad = "UIInterfaceOrientationPortrait UIInterfaceOrientationPortraitUpsideDown UIInterfaceOrientationLandscapeLeft UIInterfaceOrientationLandscapeRight";
				INFOPLIST_KEY_UISupportedInterfaceOrientations_iPhone = "UIInterfaceOrientationPortrait UIInterfaceOrientationLandscapeLeft UIInterfaceOrientationLandscapeRight";
				LD_RUNPATH_SEARCH_PATHS = (
					"$(inherited)",
					"@executable_path/Frameworks",
				);
				MARKETING_VERSION = 1.0;
				PRODUCT_BUNDLE_IDENTIFIER = "Rivery.VoiceOver-Dictionary";
				PRODUCT_NAME = "$(TARGET_NAME)";
				SWIFT_EMIT_LOC_STRINGS = YES;
				SWIFT_VERSION = 5.0;
				TARGETED_DEVICE_FAMILY = "1,2";
			};
			name = Release;
		};
/* End XCBuildConfiguration section */

/* Begin XCConfigurationList section */
		CC4EE91428F254BC00149D37 /* Build configuration list for PBXProject "VoiceOver Dictionary" */ = {
			isa = XCConfigurationList;
			buildConfigurations = (
				CC4EE92528F254BD00149D37 /* Debug */,
				CC4EE92628F254BD00149D37 /* Release */,
			);
			defaultConfigurationIsVisible = 0;
			defaultConfigurationName = Release;
		};
		CC4EE92728F254BD00149D37 /* Build configuration list for PBXNativeTarget "VoiceOver Dictionary" */ = {
			isa = XCConfigurationList;
			buildConfigurations = (
				CC4EE92828F254BD00149D37 /* Debug */,
				CC4EE92928F254BD00149D37 /* Release */,
			);
			defaultConfigurationIsVisible = 0;
			defaultConfigurationName = Release;
		};
/* End XCConfigurationList section */
	};
	rootObject = CC4EE91128F254BC00149D37 /* Project object */;
}
